
Microsoft Visual Studio Solution File, Format Version 12.00
# Visual Studio Version 16
VisualStudioVersion = 16.0.31129.286
MinimumVisualStudioVersion = 10.0.40219.1
Project("{9A19103F-16F7-4668-BE54-9A1E7A4F7556}") = "TurboPortalApi.Api", "TurboPortalApi.Api\TurboPortalApi.Api.csproj", "{A0F614D2-6679-4F7C-BBD9-5395CA4067FC}"
EndProject
Project("{9A19103F-16F7-4668-BE54-9A1E7A4F7556}") = "TurboPortalApi.Common", "TurboPortalApi.Common\TurboPortalApi.Common.csproj", "{D93E8C1C-2AA3-4BED-A52E-191847B6A481}"
EndProject
Project("{FAE04EC0-301F-11D3-BF4B-00C04F79EFBC}") = "TurboPortalApi.Entity", "TurboPortalApi.Entity\TurboPortalApi.Entity.csproj", "{D31A07ED-8F21-406E-AD5B-B5FD8141647E}"
EndProject
Project("{FAE04EC0-301F-11D3-BF4B-00C04F79EFBC}") = "TurboPortalApi.Core", "TurboPortalApi.Core\TurboPortalApi.Core.csproj", "{F25BFAA9-0523-4142-A292-56BD97C76367}"
EndProject
Project("{FAE04EC0-301F-11D3-BF4B-00C04F79EFBC}") = "TurboPortalApi.Services", "TurboPortalApi.Services\TurboPortalApi.Services.csproj", "{54EAA160-B23B-4F8D-B72A-7438CB2FA7B5}"
EndProject
Global
	GlobalSection(SolutionConfigurationPlatforms) = preSolution
		Debug|Any CPU = Debug|Any CPU
		Release|Any CPU = Release|Any CPU
	EndGlobalSection
	GlobalSection(ProjectConfigurationPlatforms) = postSolution
		{A0F614D2-6679-4F7C-BBD9-5395CA4067FC}.Debug|Any CPU.ActiveCfg = Debug|Any CPU
		{A0F614D2-6679-4F7C-BBD9-5395CA4067FC}.Debug|Any CPU.Build.0 = Debug|Any CPU
		{A0F614D2-6679-4F7C-BBD9-5395CA4067FC}.Release|Any CPU.ActiveCfg = Release|Any CPU
		{A0F614D2-6679-4F7C-BBD9-5395CA4067FC}.Release|Any CPU.Build.0 = Release|Any CPU
		{D93E8C1C-2AA3-4BED-A52E-191847B6A481}.Debug|Any CPU.ActiveCfg = Debug|Any CPU
		{D93E8C1C-2AA3-4BED-A52E-191847B6A481}.Debug|Any CPU.Build.0 = Debug|Any CPU
		{D93E8C1C-2AA3-4BED-A52E-191847B6A481}.Release|Any CPU.ActiveCfg = Release|Any CPU
		{D93E8C1C-2AA3-4BED-A52E-191847B6A481}.Release|Any CPU.Build.0 = Release|Any CPU
		{D31A07ED-8F21-406E-AD5B-B5FD8141647E}.Debug|Any CPU.ActiveCfg = Debug|Any CPU
		{D31A07ED-8F21-406E-AD5B-B5FD8141647E}.Debug|Any CPU.Build.0 = Debug|Any CPU
		{D31A07ED-8F21-406E-AD5B-B5FD8141647E}.Release|Any CPU.ActiveCfg = Release|Any CPU
		{D31A07ED-8F21-406E-AD5B-B5FD8141647E}.Release|Any CPU.Build.0 = Release|Any CPU
		{F25BFAA9-0523-4142-A292-56BD97C76367}.Debug|Any CPU.ActiveCfg = Debug|Any CPU
		{F25BFAA9-0523-4142-A292-56BD97C76367}.Debug|Any CPU.Build.0 = Debug|Any CPU
		{F25BFAA9-0523-4142-A292-56BD97C76367}.Release|Any CPU.ActiveCfg = Release|Any CPU
		{F25BFAA9-0523-4142-A292-56BD97C76367}.Release|Any CPU.Build.0 = Release|Any CPU
		{54EAA160-B23B-4F8D-B72A-7438CB2FA7B5}.Debug|Any CPU.ActiveCfg = Debug|Any CPU
		{54EAA160-B23B-4F8D-B72A-7438CB2FA7B5}.Debug|Any CPU.Build.0 = Debug|Any CPU
		{54EAA160-B23B-4F8D-B72A-7438CB2FA7B5}.Release|Any CPU.ActiveCfg = Release|Any CPU
		{54EAA160-B23B-4F8D-B72A-7438CB2FA7B5}.Release|Any CPU.Build.0 = Release|Any CPU
	EndGlobalSection
	GlobalSection(SolutionProperties) = preSolution
		HideSolutionNode = FALSE
	EndGlobalSection
	GlobalSection(ExtensibilityGlobals) = postSolution
		SolutionGuid = {AACC5661-37AA-4688-8F21-58A9553C2C5C}
	EndGlobalSection
EndGlobal
